PODS:
  - Masonry (1.0.2)
  - MBProgressHUD (1.0.0)
  - SDWebImage (4.1.0):
    - SDWebImage/Core (= 4.1.0)
  - SDWebImage/Core (4.1.0)
  - WQBaseUIComponents (0.1.6):
    - SDWebImage (>= 4.0.0)
    - WQBaseUIComponents/AnmationViews (= 0.1.6)
    - WQBaseUIComponents/UICategory (= 0.1.6)
    - WQBaseUIComponents/UICustom (= 0.1.6)
    - WQBaseUIComponents/UIHelp (= 0.1.6)
    - WQBaseUIComponents/UILoading (= 0.1.6)
    - WQBaseUIComponents/WQCommonTableView (= 0.1.6)
  - WQBaseUIComponents/AnmationViews (0.1.6):
    - SDWebImage (>= 4.0.0)
    - WQBaseUIComponents/AnmationViews/Animation (= 0.1.6)
  - WQBaseUIComponents/AnmationViews/Animation (0.1.6):
    - SDWebImage (>= 4.0.0)
  - WQBaseUIComponents/UICategory (0.1.6):
    - SDWebImage (>= 4.0.0)
    - WQBaseUIComponents/UICategory/UICategory_NetWork (= 0.1.6)
    - WQBaseUIComponents/UICategory/UICategory_UIKit (= 0.1.6)
    - WQBaseUIComponents/UICategory/UICategory_Vendor (= 0.1.6)
  - WQBaseUIComponents/UICategory/UICategory_NetWork (0.1.6):
    - SDWebImage (>= 4.0.0)
  - WQBaseUIComponents/UICategory/UICategory_UIKit (0.1.6):
    - SDWebImage (>= 4.0.0)
    - WQBaseUIComponents/UICategory/UICategory_Vendor
  - WQBaseUIComponents/UICategory/UICategory_Vendor (0.1.6):
    - SDWebImage (>= 4.0.0)
    - WQBaseUIComponents/UICategory/UICategory_Vendor/UIImage_Category (= 0.1.6)
  - WQBaseUIComponents/UICategory/UICategory_Vendor/UIImage_Category (0.1.6):
    - SDWebImage (>= 4.0.0)
  - WQBaseUIComponents/UICustom (0.1.6):
    - SDWebImage (>= 4.0.0)
    - WQBaseUIComponents/UICustom/StarView (= 0.1.6)
    - WQBaseUIComponents/UICustom/ViewCustom (= 0.1.6)
  - WQBaseUIComponents/UICustom/StarView (0.1.6):
    - SDWebImage (>= 4.0.0)
  - WQBaseUIComponents/UICustom/ViewCustom (0.1.6):
    - SDWebImage (>= 4.0.0)
  - WQBaseUIComponents/UIHelp (0.1.6):
    - SDWebImage (>= 4.0.0)
    - WQBaseUIComponents/UIHelp/UIFounctionHelp (= 0.1.6)
    - WQBaseUIComponents/UIHelp/UITransitionHelp (= 0.1.6)
  - WQBaseUIComponents/UIHelp/UIFounctionHelp (0.1.6):
    - SDWebImage (>= 4.0.0)
  - WQBaseUIComponents/UIHelp/UITransitionHelp (0.1.6):
    - SDWebImage (>= 4.0.0)
  - WQBaseUIComponents/UILoading (0.1.6):
    - MBProgressHUD (~> 1.0.0)
    - SDWebImage (>= 4.0.0)
  - WQBaseUIComponents/WQCommonTableView (0.1.6):
    - Masonry (>= 1.0.2)
    - SDWebImage (>= 4.0.0)
    - WQBaseUIComponents/UIHelp

DEPENDENCIES:
  - Masonry
  - WQBaseUIComponents (from `../WQBaseUIComponents`)

EXTERNAL SOURCES:
  WQBaseUIComponents:
    :path: ../WQBaseUIComponents

SPEC CHECKSUMS:
  Masonry: 7c429b56da9d4ee0bbb3ed77a5ea710d6a5df39e
  MBProgressHUD: 4890f671c94e8a0f3cf959aa731e9de2f036d71a
  SDWebImage: 0e435c14e402a6730315a0fb79f95e68654d55a4
  WQBaseUIComponents: 6546809039dc0557439f21a5b78e6420f2a5f0bc

PODFILE CHECKSUM: c01ca46e04ddf826fc5d3d9d512e0abd26a94dcb

COCOAPODS: 1.3.1
