// !$*UTF8*$!
{
	archiveVersion = 1;
	classes = {
	};
	objectVersion = 46;
	objects = {

/* Begin PBXBuildFile section */
		229B5D748F7A88A9B8DC71E4 /* libPods-WQFunctionDemo.a in Frameworks */ = {isa = PBXBuildFile; fileRef = BE2F726620D15847753C45A2 /* libPods-WQFunctionDemo.a */; };
		2D4C22701FB9425700C226CE /* FontStyleView.m in Sources */ = {isa = PBXBuildFile; fileRef = 2D4C226B1FB9423A00C226CE /* FontStyleView.m */; };
		2D4C22711FB9425700C226CE /* WQAttibuteInputView.m in Sources */ = {isa = PBXBuildFile; fileRef = 2D4C226D1FB9423A00C226CE /* WQAttibuteInputView.m */; };
		2D4C22721FB9425700C226CE /* WQAttributeTextView.m in Sources */ = {isa = PBXBuildFile; fileRef = 2D4C226F1FB9423A00C226CE /* WQAttributeTextView.m */; };
		DE3446EB1F0C9A7300645D32 /* WQSelectPhotoController.m in Sources */ = {isa = PBXBuildFile; fileRef = DE3446EA1F0C9A7300645D32 /* WQSelectPhotoController.m */; };
		DE52CA3E1ED8071600FDE643 /* WQAlertCenterOptionsView.m in Sources */ = {isa = PBXBuildFile; fileRef = DE52C9EC1ED8071600FDE643 /* WQAlertCenterOptionsView.m */; };
		DE52CA3F1ED8071600FDE643 /* WQAlertController.m in Sources */ = {isa = PBXBuildFile; fileRef = DE52C9EE1ED8071600FDE643 /* WQAlertController.m */; };
		DE52CA401ED8071600FDE643 /* WQCommonAlertBottomView.m in Sources */ = {isa = PBXBuildFile; fileRef = DE52C9F11ED8071600FDE643 /* WQCommonAlertBottomView.m */; };
		DE52CA411ED8071600FDE643 /* WQCommonAlertTitleView.m in Sources */ = {isa = PBXBuildFile; fileRef = DE52C9F31ED8071600FDE643 /* WQCommonAlertTitleView.m */; };
		DE52CA421ED8071600FDE643 /* WQSelectDateController.m in Sources */ = {isa = PBXBuildFile; fileRef = DE52C9F51ED8071600FDE643 /* WQSelectDateController.m */; };
		DE52CA431ED8071600FDE643 /* WQBannerLoopView.m in Sources */ = {isa = PBXBuildFile; fileRef = DE52C9F81ED8071600FDE643 /* WQBannerLoopView.m */; };
		DE52CA441ED8071600FDE643 /* WQClendarDayUnit.m in Sources */ = {isa = PBXBuildFile; fileRef = DE52C9FB1ED8071600FDE643 /* WQClendarDayUnit.m */; };
		DE52CA451ED8071600FDE643 /* WQClendarUnit.m in Sources */ = {isa = PBXBuildFile; fileRef = DE52C9FD1ED8071600FDE643 /* WQClendarUnit.m */; };
		DE52CA461ED8071600FDE643 /* WQClendarView.m in Sources */ = {isa = PBXBuildFile; fileRef = DE52C9FF1ED8071600FDE643 /* WQClendarView.m */; };
		DE52CA471ED8071600FDE643 /* ExamineCell.m in Sources */ = {isa = PBXBuildFile; fileRef = DE52CA021ED8071600FDE643 /* ExamineCell.m */; };
		DE52CA481ED8071600FDE643 /* ExamineCell.xib in Resources */ = {isa = PBXBuildFile; fileRef = DE52CA031ED8071600FDE643 /* ExamineCell.xib */; };
		DE52CA491ED8071700FDE643 /* GuDExaminationItem.m in Sources */ = {isa = PBXBuildFile; fileRef = DE52CA051ED8071600FDE643 /* GuDExaminationItem.m */; };
		DE52CA4A1ED8071700FDE643 /* GuDExamineDataViewController.m in Sources */ = {isa = PBXBuildFile; fileRef = DE52CA071ED8071600FDE643 /* GuDExamineDataViewController.m */; };
		DE52CA4B1ED8071700FDE643 /* GuDExamineViewController.m in Sources */ = {isa = PBXBuildFile; fileRef = DE52CA091ED8071600FDE643 /* GuDExamineViewController.m */; };
		DE52CA4C1ED8071700FDE643 /* WQTagCollectionViewCell.m in Sources */ = {isa = PBXBuildFile; fileRef = DE52CA0C1ED8071600FDE643 /* WQTagCollectionViewCell.m */; };
		DE52CA4D1ED8071700FDE643 /* WQTagCollectionViewCell.xib in Resources */ = {isa = PBXBuildFile; fileRef = DE52CA0D1ED8071600FDE643 /* WQTagCollectionViewCell.xib */; };
		DE52CA4E1ED8071700FDE643 /* WQTagsFlowLayout.m in Sources */ = {isa = PBXBuildFile; fileRef = DE52CA0F1ED8071600FDE643 /* WQTagsFlowLayout.m */; };
		DE52CA501ED8071700FDE643 /* WQActionSheetCell.m in Sources */ = {isa = PBXBuildFile; fileRef = DE52CA151ED8071600FDE643 /* WQActionSheetCell.m */; };
		DE52CA511ED8071700FDE643 /* WQActionSheetController.m in Sources */ = {isa = PBXBuildFile; fileRef = DE52CA171ED8071600FDE643 /* WQActionSheetController.m */; };
		DE52CA521ED8071700FDE643 /* WQSelecOptionsView.m in Sources */ = {isa = PBXBuildFile; fileRef = DE52CA191ED8071600FDE643 /* WQSelecOptionsView.m */; };
		DE52CA531ED8071700FDE643 /* WQSelectOptionsCell.m in Sources */ = {isa = PBXBuildFile; fileRef = DE52CA1B1ED8071600FDE643 /* WQSelectOptionsCell.m */; };
		DE52CA541ED8071700FDE643 /* Resources.xcassets in Resources */ = {isa = PBXBuildFile; fileRef = DE52CA1E1ED8071600FDE643 /* Resources.xcassets */; };
		DE52CA551ED8071700FDE643 /* 00.jpg in Resources */ = {isa = PBXBuildFile; fileRef = DE52CA201ED8071600FDE643 /* 00.jpg */; };
		DE52CA561ED8071700FDE643 /* 01.jpg in Resources */ = {isa = PBXBuildFile; fileRef = DE52CA211ED8071600FDE643 /* 01.jpg */; };
		DE52CA571ED8071700FDE643 /* 02.jpg in Resources */ = {isa = PBXBuildFile; fileRef = DE52CA221ED8071600FDE643 /* 02.jpg */; };
		DE52CA581ED8071700FDE643 /* 03.jpg in Resources */ = {isa = PBXBuildFile; fileRef = DE52CA231ED8071600FDE643 /* 03.jpg */; };
		DE52CA591ED8071700FDE643 /* 04.jpg in Resources */ = {isa = PBXBuildFile; fileRef = DE52CA241ED8071600FDE643 /* 04.jpg */; };
		DE52CA5A1ED8071700FDE643 /* 05.jpg in Resources */ = {isa = PBXBuildFile; fileRef = DE52CA251ED8071600FDE643 /* 05.jpg */; };
		DE52CA5B1ED8071700FDE643 /* 06.jpg in Resources */ = {isa = PBXBuildFile; fileRef = DE52CA261ED8071600FDE643 /* 06.jpg */; };
		DE52CA5C1ED8071700FDE643 /* 07.jpg in Resources */ = {isa = PBXBuildFile; fileRef = DE52CA271ED8071600FDE643 /* 07.jpg */; };
		DE52CA5D1ED8071700FDE643 /* TabbbarController.storyboard in Resources */ = {isa = PBXBuildFile; fileRef = DE52CA291ED8071600FDE643 /* TabbbarController.storyboard */; };
		DE52CA5E1ED8071700FDE643 /* WQShareActionCell.m in Sources */ = {isa = PBXBuildFile; fileRef = DE52CA2C1ED8071600FDE643 /* WQShareActionCell.m */; };
		DE52CA5F1ED8071700FDE643 /* WQShareActionCell.xib in Resources */ = {isa = PBXBuildFile; fileRef = DE52CA2D1ED8071600FDE643 /* WQShareActionCell.xib */; };
		DE52CA601ED8071700FDE643 /* WQShareActionItem.m in Sources */ = {isa = PBXBuildFile; fileRef = DE52CA2F1ED8071600FDE643 /* WQShareActionItem.m */; };
		DE52CA611ED8071700FDE643 /* WQShareActionViewController.m in Sources */ = {isa = PBXBuildFile; fileRef = DE52CA311ED8071600FDE643 /* WQShareActionViewController.m */; };
		DE52CA621ED8071700FDE643 /* MainNavController.m in Sources */ = {isa = PBXBuildFile; fileRef = DE52CA341ED8071600FDE643 /* MainNavController.m */; };
		DE52CA631ED8071700FDE643 /* MainTabBarController.m in Sources */ = {isa = PBXBuildFile; fileRef = DE52CA361ED8071600FDE643 /* MainTabBarController.m */; };
		DE52CA641ED8071700FDE643 /* MenuViewController.m in Sources */ = {isa = PBXBuildFile; fileRef = DE52CA381ED8071600FDE643 /* MenuViewController.m */; };
		DE52CA651ED8071700FDE643 /* WQContainerViewController.m in Sources */ = {isa = PBXBuildFile; fileRef = DE52CA3A1ED8071600FDE643 /* WQContainerViewController.m */; };
		DE52CA661ED8071700FDE643 /* GYChangeTextView.m in Sources */ = {isa = PBXBuildFile; fileRef = DE52CA3D1ED8071600FDE643 /* GYChangeTextView.m */; };
		DE67B2BC1EEB1568007B8930 /* WQCustomSelectDateView.m in Sources */ = {isa = PBXBuildFile; fileRef = DE67B2BB1EEB1568007B8930 /* WQCustomSelectDateView.m */; };
		DE7747891ED3378800E034D4 /* main.m in Sources */ = {isa = PBXBuildFile; fileRef = DE7747881ED3378800E034D4 /* main.m */; };
		DE77478C1ED3378800E034D4 /* AppDelegate.m in Sources */ = {isa = PBXBuildFile; fileRef = DE77478B1ED3378800E034D4 /* AppDelegate.m */; };
		DE77478F1ED3378800E034D4 /* ViewController.m in Sources */ = {isa = PBXBuildFile; fileRef = DE77478E1ED3378800E034D4 /* ViewController.m */; };
		DE7747921ED3378800E034D4 /* Main.storyboard in Resources */ = {isa = PBXBuildFile; fileRef = DE7747901ED3378800E034D4 /* Main.storyboard */; };
		DE7747951ED3378800E034D4 /* WQFunctionDemo.xcdatamodeld in Sources */ = {isa = PBXBuildFile; fileRef = DE7747931ED3378800E034D4 /* WQFunctionDemo.xcdatamodeld */; };
		DE7747971ED3378800E034D4 /* Assets.xcassets in Resources */ = {isa = PBXBuildFile; fileRef = DE7747961ED3378800E034D4 /* Assets.xcassets */; };
		DE77479A1ED3378800E034D4 /* LaunchScreen.storyboard in Resources */ = {isa = PBXBuildFile; fileRef = DE7747981ED3378800E034D4 /* LaunchScreen.storyboard */; };
/* End PBXBuildFile section */

/* Begin PBXFileReference section */
		278DBFC22EFA8038731DCCCF /* Pods-WQFunctionDemo.debug.xcconfig */ = {isa = PBXFileReference; includeInIndex = 1; lastKnownFileType = text.xcconfig; name = "Pods-WQFunctionDemo.debug.xcconfig"; path = "Pods/Target Support Files/Pods-WQFunctionDemo/Pods-WQFunctionDemo.debug.xcconfig"; sourceTree = "<group>"; };
		2D4C226A1FB9423A00C226CE /* FontStyleView.h */ = {isa = PBXFileReference; lastKnownFileType = sourcecode.c.h; path = FontStyleView.h; sourceTree = "<group>"; };
		2D4C226B1FB9423A00C226CE /* FontStyleView.m */ = {isa = PBXFileReference; lastKnownFileType = sourcecode.c.objc; path = FontStyleView.m; sourceTree = "<group>"; };
		2D4C226C1FB9423A00C226CE /* WQAttibuteInputView.h */ = {isa = PBXFileReference; lastKnownFileType = sourcecode.c.h; path = WQAttibuteInputView.h; sourceTree = "<group>"; };
		2D4C226D1FB9423A00C226CE /* WQAttibuteInputView.m */ = {isa = PBXFileReference; lastKnownFileType = sourcecode.c.objc; path = WQAttibuteInputView.m; sourceTree = "<group>"; };
		2D4C226E1FB9423A00C226CE /* WQAttributeTextView.h */ = {isa = PBXFileReference; lastKnownFileType = sourcecode.c.h; path = WQAttributeTextView.h; sourceTree = "<group>"; };
		2D4C226F1FB9423A00C226CE /* WQAttributeTextView.m */ = {isa = PBXFileReference; lastKnownFileType = sourcecode.c.objc; path = WQAttributeTextView.m; sourceTree = "<group>"; };
		BE2F726620D15847753C45A2 /* libPods-WQFunctionDemo.a */ = {isa = PBXFileReference; explicitFileType = archive.ar; includeInIndex = 0; path = "libPods-WQFunctionDemo.a"; sourceTree = BUILT_PRODUCTS_DIR; };
		CE218D7DDDC8DB52F74AD572 /* Pods-WQFunctionDemo.release.xcconfig */ = {isa = PBXFileReference; includeInIndex = 1; lastKnownFileType = text.xcconfig; name = "Pods-WQFunctionDemo.release.xcconfig"; path = "Pods/Target Support Files/Pods-WQFunctionDemo/Pods-WQFunctionDemo.release.xcconfig"; sourceTree = "<group>"; };
		DE3446E91F0C9A7300645D32 /* WQSelectPhotoController.h */ = {isa = PBXFileReference; fileEncoding = 4; lastKnownFileType = sourcecode.c.h; path = WQSelectPhotoController.h; sourceTree = "<group>"; };
		DE3446EA1F0C9A7300645D32 /* WQSelectPhotoController.m */ = {isa = PBXFileReference; fileEncoding = 4; lastKnownFileType = sourcecode.c.objc; path = WQSelectPhotoController.m; sourceTree = "<group>"; };
		DE52C9EA1ED8071600FDE643 /* WQAlertBottomViewProtocol.h */ = {isa = PBXFileReference; fileEncoding = 4; lastKnownFileType = sourcecode.c.h; path = WQAlertBottomViewProtocol.h; sourceTree = "<group>"; };
		DE52C9EB1ED8071600FDE643 /* WQAlertCenterOptionsView.h */ = {isa = PBXFileReference; fileEncoding = 4; lastKnownFileType = sourcecode.c.h; path = WQAlertCenterOptionsView.h; sourceTree = "<group>"; };
		DE52C9EC1ED8071600FDE643 /* WQAlertCenterOptionsView.m */ = {isa = PBXFileReference; fileEncoding = 4; lastKnownFileType = sourcecode.c.objc; path = WQAlertCenterOptionsView.m; sourceTree = "<group>"; };
		DE52C9ED1ED8071600FDE643 /* WQAlertController.h */ = {isa = PBXFileReference; fileEncoding = 4; lastKnownFileType = sourcecode.c.h; path = WQAlertController.h; sourceTree = "<group>"; };
		DE52C9EE1ED8071600FDE643 /* WQAlertController.m */ = {isa = PBXFileReference; fileEncoding = 4; lastKnownFileType = sourcecode.c.objc; path = WQAlertController.m; sourceTree = "<group>"; };
		DE52C9F01ED8071600FDE643 /* WQCommonAlertBottomView.h */ = {isa = PBXFileReference; fileEncoding = 4; lastKnownFileType = sourcecode.c.h; path = WQCommonAlertBottomView.h; sourceTree = "<group>"; };
		DE52C9F11ED8071600FDE643 /* WQCommonAlertBottomView.m */ = {isa = PBXFileReference; fileEncoding = 4; lastKnownFileType = sourcecode.c.objc; path = WQCommonAlertBottomView.m; sourceTree = "<group>"; };
		DE52C9F21ED8071600FDE643 /* WQCommonAlertTitleView.h */ = {isa = PBXFileReference; fileEncoding = 4; lastKnownFileType = sourcecode.c.h; path = WQCommonAlertTitleView.h; sourceTree = "<group>"; };
		DE52C9F31ED8071600FDE643 /* WQCommonAlertTitleView.m */ = {isa = PBXFileReference; fileEncoding = 4; lastKnownFileType = sourcecode.c.objc; path = WQCommonAlertTitleView.m; sourceTree = "<group>"; };
		DE52C9F41ED8071600FDE643 /* WQSelectDateController.h */ = {isa = PBXFileReference; fileEncoding = 4; lastKnownFileType = sourcecode.c.h; path = WQSelectDateController.h; sourceTree = "<group>"; };
		DE52C9F51ED8071600FDE643 /* WQSelectDateController.m */ = {isa = PBXFileReference; fileEncoding = 4; lastKnownFileType = sourcecode.c.objc; path = WQSelectDateController.m; sourceTree = "<group>"; };
		DE52C9F71ED8071600FDE643 /* WQBannerLoopView.h */ = {isa = PBXFileReference; fileEncoding = 4; lastKnownFileType = sourcecode.c.h; path = WQBannerLoopView.h; sourceTree = "<group>"; };
		DE52C9F81ED8071600FDE643 /* WQBannerLoopView.m */ = {isa = PBXFileReference; fileEncoding = 4; lastKnownFileType = sourcecode.c.objc; path = WQBannerLoopView.m; sourceTree = "<group>"; };
		DE52C9FA1ED8071600FDE643 /* WQClendarDayUnit.h */ = {isa = PBXFileReference; fileEncoding = 4; lastKnownFileType = sourcecode.c.h; path = WQClendarDayUnit.h; sourceTree = "<group>"; };
		DE52C9FB1ED8071600FDE643 /* WQClendarDayUnit.m */ = {isa = PBXFileReference; fileEncoding = 4; lastKnownFileType = sourcecode.c.objc; path = WQClendarDayUnit.m; sourceTree = "<group>"; };
		DE52C9FC1ED8071600FDE643 /* WQClendarUnit.h */ = {isa = PBXFileReference; fileEncoding = 4; lastKnownFileType = sourcecode.c.h; path = WQClendarUnit.h; sourceTree = "<group>"; };
		DE52C9FD1ED8071600FDE643 /* WQClendarUnit.m */ = {isa = PBXFileReference; fileEncoding = 4; lastKnownFileType = sourcecode.c.objc; path = WQClendarUnit.m; sourceTree = "<group>"; };
		DE52C9FE1ED8071600FDE643 /* WQClendarView.h */ = {isa = PBXFileReference; fileEncoding = 4; lastKnownFileType = sourcecode.c.h; path = WQClendarView.h; sourceTree = "<group>"; };
		DE52C9FF1ED8071600FDE643 /* WQClendarView.m */ = {isa = PBXFileReference; fileEncoding = 4; lastKnownFileType = sourcecode.c.objc; path = WQClendarView.m; sourceTree = "<group>"; };
		DE52CA011ED8071600FDE643 /* ExamineCell.h */ = {isa = PBXFileReference; fileEncoding = 4; lastKnownFileType = sourcecode.c.h; path = ExamineCell.h; sourceTree = "<group>"; };
		DE52CA021ED8071600FDE643 /* ExamineCell.m */ = {isa = PBXFileReference; fileEncoding = 4; lastKnownFileType = sourcecode.c.objc; path = ExamineCell.m; sourceTree = "<group>"; };
		DE52CA031ED8071600FDE643 /* ExamineCell.xib */ = {isa = PBXFileReference; fileEncoding = 4; lastKnownFileType = file.xib; path = ExamineCell.xib; sourceTree = "<group>"; };
		DE52CA041ED8071600FDE643 /* GuDExaminationItem.h */ = {isa = PBXFileReference; fileEncoding = 4; lastKnownFileType = sourcecode.c.h; path = GuDExaminationItem.h; sourceTree = "<group>"; };
		DE52CA051ED8071600FDE643 /* GuDExaminationItem.m */ = {isa = PBXFileReference; fileEncoding = 4; lastKnownFileType = sourcecode.c.objc; path = GuDExaminationItem.m; sourceTree = "<group>"; };
		DE52CA061ED8071600FDE643 /* GuDExamineDataViewController.h */ = {isa = PBXFileReference; fileEncoding = 4; lastKnownFileType = sourcecode.c.h; path = GuDExamineDataViewController.h; sourceTree = "<group>"; };
		DE52CA071ED8071600FDE643 /* GuDExamineDataViewController.m */ = {isa = PBXFileReference; fileEncoding = 4; lastKnownFileType = sourcecode.c.objc; path = GuDExamineDataViewController.m; sourceTree = "<group>"; };
		DE52CA081ED8071600FDE643 /* GuDExamineViewController.h */ = {isa = PBXFileReference; fileEncoding = 4; lastKnownFileType = sourcecode.c.h; path = GuDExamineViewController.h; sourceTree = "<group>"; };
		DE52CA091ED8071600FDE643 /* GuDExamineViewController.m */ = {isa = PBXFileReference; fileEncoding = 4; lastKnownFileType = sourcecode.c.objc; path = GuDExamineViewController.m; sourceTree = "<group>"; };
		DE52CA0B1ED8071600FDE643 /* WQTagCollectionViewCell.h */ = {isa = PBXFileReference; fileEncoding = 4; lastKnownFileType = sourcecode.c.h; path = WQTagCollectionViewCell.h; sourceTree = "<group>"; };
		DE52CA0C1ED8071600FDE643 /* WQTagCollectionViewCell.m */ = {isa = PBXFileReference; fileEncoding = 4; lastKnownFileType = sourcecode.c.objc; path = WQTagCollectionViewCell.m; sourceTree = "<group>"; };
		DE52CA0D1ED8071600FDE643 /* WQTagCollectionViewCell.xib */ = {isa = PBXFileReference; fileEncoding = 4; lastKnownFileType = file.xib; path = WQTagCollectionViewCell.xib; sourceTree = "<group>"; };
		DE52CA0E1ED8071600FDE643 /* WQTagsFlowLayout.h */ = {isa = PBXFileReference; fileEncoding = 4; lastKnownFileType = sourcecode.c.h; path = WQTagsFlowLayout.h; sourceTree = "<group>"; };
		DE52CA0F1ED8071600FDE643 /* WQTagsFlowLayout.m */ = {isa = PBXFileReference; fileEncoding = 4; lastKnownFileType = sourcecode.c.objc; path = WQTagsFlowLayout.m; sourceTree = "<group>"; };
		DE52CA141ED8071600FDE643 /* WQActionSheetCell.h */ = {isa = PBXFileReference; fileEncoding = 4; lastKnownFileType = sourcecode.c.h; path = WQActionSheetCell.h; sourceTree = "<group>"; };
		DE52CA151ED8071600FDE643 /* WQActionSheetCell.m */ = {isa = PBXFileReference; fileEncoding = 4; lastKnownFileType = sourcecode.c.objc; path = WQActionSheetCell.m; sourceTree = "<group>"; };
		DE52CA161ED8071600FDE643 /* WQActionSheetController.h */ = {isa = PBXFileReference; fileEncoding = 4; lastKnownFileType = sourcecode.c.h; path = WQActionSheetController.h; sourceTree = "<group>"; };
		DE52CA171ED8071600FDE643 /* WQActionSheetController.m */ = {isa = PBXFileReference; fileEncoding = 4; lastKnownFileType = sourcecode.c.objc; path = WQActionSheetController.m; sourceTree = "<group>"; };
		DE52CA181ED8071600FDE643 /* WQSelecOptionsView.h */ = {isa = PBXFileReference; fileEncoding = 4; lastKnownFileType = sourcecode.c.h; path = WQSelecOptionsView.h; sourceTree = "<group>"; };
		DE52CA191ED8071600FDE643 /* WQSelecOptionsView.m */ = {isa = PBXFileReference; fileEncoding = 4; lastKnownFileType = sourcecode.c.objc; path = WQSelecOptionsView.m; sourceTree = "<group>"; };
		DE52CA1A1ED8071600FDE643 /* WQSelectOptionsCell.h */ = {isa = PBXFileReference; fileEncoding = 4; lastKnownFileType = sourcecode.c.h; path = WQSelectOptionsCell.h; sourceTree = "<group>"; };
		DE52CA1B1ED8071600FDE643 /* WQSelectOptionsCell.m */ = {isa = PBXFileReference; fileEncoding = 4; lastKnownFileType = sourcecode.c.objc; path = WQSelectOptionsCell.m; sourceTree = "<group>"; };
		DE52CA1E1ED8071600FDE643 /* Resources.xcassets */ = {isa = PBXFileReference; lastKnownFileType = folder.assetcatalog; path = Resources.xcassets; sourceTree = "<group>"; };
		DE52CA201ED8071600FDE643 /* 00.jpg */ = {isa = PBXFileReference; lastKnownFileType = image.jpeg; path = 00.jpg; sourceTree = "<group>"; };
		DE52CA211ED8071600FDE643 /* 01.jpg */ = {isa = PBXFileReference; lastKnownFileType = image.jpeg; path = 01.jpg; sourceTree = "<group>"; };
		DE52CA221ED8071600FDE643 /* 02.jpg */ = {isa = PBXFileReference; lastKnownFileType = image.jpeg; path = 02.jpg; sourceTree = "<group>"; };
		DE52CA231ED8071600FDE643 /* 03.jpg */ = {isa = PBXFileReference; lastKnownFileType = image.jpeg; path = 03.jpg; sourceTree = "<group>"; };
		DE52CA241ED8071600FDE643 /* 04.jpg */ = {isa = PBXFileReference; lastKnownFileType = image.jpeg; path = 04.jpg; sourceTree = "<group>"; };
		DE52CA251ED8071600FDE643 /* 05.jpg */ = {isa = PBXFileReference; lastKnownFileType = image.jpeg; path = 05.jpg; sourceTree = "<group>"; };
		DE52CA261ED8071600FDE643 /* 06.jpg */ = {isa = PBXFileReference; lastKnownFileType = image.jpeg; path = 06.jpg; sourceTree = "<group>"; };
		DE52CA271ED8071600FDE643 /* 07.jpg */ = {isa = PBXFileReference; lastKnownFileType = image.jpeg; path = 07.jpg; sourceTree = "<group>"; };
		DE52CA291ED8071600FDE643 /* TabbbarController.storyboard */ = {isa = PBXFileReference; fileEncoding = 4; lastKnownFileType = file.storyboard; path = TabbbarController.storyboard; sourceTree = "<group>"; };
		DE52CA2B1ED8071600FDE643 /* WQShareActionCell.h */ = {isa = PBXFileReference; fileEncoding = 4; lastKnownFileType = sourcecode.c.h; path = WQShareActionCell.h; sourceTree = "<group>"; };
		DE52CA2C1ED8071600FDE643 /* WQShareActionCell.m */ = {isa = PBXFileReference; fileEncoding = 4; lastKnownFileType = sourcecode.c.objc; path = WQShareActionCell.m; sourceTree = "<group>"; };
		DE52CA2D1ED8071600FDE643 /* WQShareActionCell.xib */ = {isa = PBXFileReference; fileEncoding = 4; lastKnownFileType = file.xib; path = WQShareActionCell.xib; sourceTree = "<group>"; };
		DE52CA2E1ED8071600FDE643 /* WQShareActionItem.h */ = {isa = PBXFileReference; fileEncoding = 4; lastKnownFileType = sourcecode.c.h; path = WQShareActionItem.h; sourceTree = "<group>"; };
		DE52CA2F1ED8071600FDE643 /* WQShareActionItem.m */ = {isa = PBXFileReference; fileEncoding = 4; lastKnownFileType = sourcecode.c.objc; path = WQShareActionItem.m; sourceTree = "<group>"; };
		DE52CA301ED8071600FDE643 /* WQShareActionViewController.h */ = {isa = PBXFileReference; fileEncoding = 4; lastKnownFileType = sourcecode.c.h; path = WQShareActionViewController.h; sourceTree = "<group>"; };
		DE52CA311ED8071600FDE643 /* WQShareActionViewController.m */ = {isa = PBXFileReference; fileEncoding = 4; lastKnownFileType = sourcecode.c.objc; path = WQShareActionViewController.m; sourceTree = "<group>"; };
		DE52CA331ED8071600FDE643 /* MainNavController.h */ = {isa = PBXFileReference; fileEncoding = 4; lastKnownFileType = sourcecode.c.h; path = MainNavController.h; sourceTree = "<group>"; };
		DE52CA341ED8071600FDE643 /* MainNavController.m */ = {isa = PBXFileReference; fileEncoding = 4; lastKnownFileType = sourcecode.c.objc; path = MainNavController.m; sourceTree = "<group>"; };
		DE52CA351ED8071600FDE643 /* MainTabBarController.h */ = {isa = PBXFileReference; fileEncoding = 4; lastKnownFileType = sourcecode.c.h; path = MainTabBarController.h; sourceTree = "<group>"; };
		DE52CA361ED8071600FDE643 /* MainTabBarController.m */ = {isa = PBXFileReference; fileEncoding = 4; lastKnownFileType = sourcecode.c.objc; path = MainTabBarController.m; sourceTree = "<group>"; };
		DE52CA371ED8071600FDE643 /* MenuViewController.h */ = {isa = PBXFileReference; fileEncoding = 4; lastKnownFileType = sourcecode.c.h; path = MenuViewController.h; sourceTree = "<group>"; };
		DE52CA381ED8071600FDE643 /* MenuViewController.m */ = {isa = PBXFileReference; fileEncoding = 4; lastKnownFileType = sourcecode.c.objc; path = MenuViewController.m; sourceTree = "<group>"; };
		DE52CA391ED8071600FDE643 /* WQContainerViewController.h */ = {isa = PBXFileReference; fileEncoding = 4; lastKnownFileType = sourcecode.c.h; path = WQContainerViewController.h; sourceTree = "<group>"; };
		DE52CA3A1ED8071600FDE643 /* WQContainerViewController.m */ = {isa = PBXFileReference; fileEncoding = 4; lastKnownFileType = sourcecode.c.objc; path = WQContainerViewController.m; sourceTree = "<group>"; };
		DE52CA3C1ED8071600FDE643 /* GYChangeTextView.h */ = {isa = PBXFileReference; fileEncoding = 4; lastKnownFileType = sourcecode.c.h; path = GYChangeTextView.h; sourceTree = "<group>"; };
		DE52CA3D1ED8071600FDE643 /* GYChangeTextView.m */ = {isa = PBXFileReference; fileEncoding = 4; lastKnownFileType = sourcecode.c.objc; path = GYChangeTextView.m; sourceTree = "<group>"; };
		DE52CA671ED80BD400FDE643 /* PrefixHeader.pch */ = {isa = PBXFileReference; fileEncoding = 4; lastKnownFileType = sourcecode.c.h; path = PrefixHeader.pch; sourceTree = "<group>"; };
		DE67B2BA1EEB1568007B8930 /* WQCustomSelectDateView.h */ = {isa = PBXFileReference; fileEncoding = 4; lastKnownFileType = sourcecode.c.h; path = WQCustomSelectDateView.h; sourceTree = "<group>"; };
		DE67B2BB1EEB1568007B8930 /* WQCustomSelectDateView.m */ = {isa = PBXFileReference; fileEncoding = 4; lastKnownFileType = sourcecode.c.objc; path = WQCustomSelectDateView.m; sourceTree = "<group>"; };
		DE7747841ED3378800E034D4 /* WQFunctionDemo.app */ = {isa = PBXFileReference; explicitFileType = wrapper.application; includeInIndex = 0; path = WQFunctionDemo.app; sourceTree = BUILT_PRODUCTS_DIR; };
		DE7747881ED3378800E034D4 /* main.m */ = {isa = PBXFileReference; lastKnownFileType = sourcecode.c.objc; path = main.m; sourceTree = "<group>"; };
		DE77478A1ED3378800E034D4 /* AppDelegate.h */ = {isa = PBXFileReference; lastKnownFileType = sourcecode.c.h; path = AppDelegate.h; sourceTree = "<group>"; };
		DE77478B1ED3378800E034D4 /* AppDelegate.m */ = {isa = PBXFileReference; lastKnownFileType = sourcecode.c.objc; path = AppDelegate.m; sourceTree = "<group>"; };
		DE77478D1ED3378800E034D4 /* ViewController.h */ = {isa = PBXFileReference; lastKnownFileType = sourcecode.c.h; path = ViewController.h; sourceTree = "<group>"; };
		DE77478E1ED3378800E034D4 /* ViewController.m */ = {isa = PBXFileReference; lastKnownFileType = sourcecode.c.objc; path = ViewController.m; sourceTree = "<group>"; };
		DE7747911ED3378800E034D4 /* Base */ = {isa = PBXFileReference; lastKnownFileType = file.storyboard; name = Base; path = Base.lproj/Main.storyboard; sourceTree = "<group>"; };
		DE7747941ED3378800E034D4 /* WQFunctionDemo.xcdatamodel */ = {isa = PBXFileReference; lastKnownFileType = wrapper.xcdatamodel; path = WQFunctionDemo.xcdatamodel; sourceTree = "<group>"; };
		DE7747961ED3378800E034D4 /* Assets.xcassets */ = {isa = PBXFileReference; lastKnownFileType = folder.assetcatalog; path = Assets.xcassets; sourceTree = "<group>"; };
		DE7747991ED3378800E034D4 /* Base */ = {isa = PBXFileReference; lastKnownFileType = file.storyboard; name = Base; path = Base.lproj/LaunchScreen.storyboard; sourceTree = "<group>"; };
		DE77479B1ED3378800E034D4 /* Info.plist */ = {isa = PBXFileReference; lastKnownFileType = text.plist.xml; path = Info.plist; sourceTree = "<group>"; };
/* End PBXFileReference section */

/* Begin PBXFrameworksBuildPhase section */
		DE7747811ED3378800E034D4 /* Frameworks */ = {
			isa = PBXFrameworksBuildPhase;
			buildActionMask = 2147483647;
			files = (
				229B5D748F7A88A9B8DC71E4 /* libPods-WQFunctionDemo.a in Frameworks */,
			);
			runOnlyForDeploymentPostprocessing = 0;
		};
/* End PBXFrameworksBuildPhase section */

/* Begin PBXGroup section */
		2D4C22691FB9423A00C226CE /* WQAttributeInput */ = {
			isa = PBXGroup;
			children = (
				2D4C226A1FB9423A00C226CE /* FontStyleView.h */,
				2D4C226B1FB9423A00C226CE /* FontStyleView.m */,
				2D4C226C1FB9423A00C226CE /* WQAttibuteInputView.h */,
				2D4C226D1FB9423A00C226CE /* WQAttibuteInputView.m */,
				2D4C226E1FB9423A00C226CE /* WQAttributeTextView.h */,
				2D4C226F1FB9423A00C226CE /* WQAttributeTextView.m */,
			);
			path = WQAttributeInput;
			sourceTree = "<group>";
		};
		82A6FD109728D5475B32DAC0 /* Pods */ = {
			isa = PBXGroup;
			children = (
				278DBFC22EFA8038731DCCCF /* Pods-WQFunctionDemo.debug.xcconfig */,
				CE218D7DDDC8DB52F74AD572 /* Pods-WQFunctionDemo.release.xcconfig */,
			);
			name = Pods;
			sourceTree = "<group>";
		};
		DE098AF309A20CFD6F6C4B31 /* Frameworks */ = {
			isa = PBXGroup;
			children = (
				BE2F726620D15847753C45A2 /* libPods-WQFunctionDemo.a */,
			);
			name = Frameworks;
			sourceTree = "<group>";
		};
		DE52C9E81ED8071600FDE643 /* WQFunctionCommponents */ = {
			isa = PBXGroup;
			children = (
				2D4C22691FB9423A00C226CE /* WQAttributeInput */,
				DE52C9E91ED8071600FDE643 /* WQAlertUI */,
				DE52C9F61ED8071600FDE643 /* WQBannerLoop */,
				DE52C9F91ED8071600FDE643 /* WQClendarUI */,
				DE52CA001ED8071600FDE643 /* WQExamineUI */,
				DE52CA0A1ED8071600FDE643 /* WQFlowTagUI */,
				DE52CA101ED8071600FDE643 /* WQPhotoUI */,
				DE52CA131ED8071600FDE643 /* WQPopSelectionsUI */,
				DE52CA1C1ED8071600FDE643 /* WQResources */,
				DE52CA2A1ED8071600FDE643 /* WQShareUI */,
				DE52CA321ED8071600FDE643 /* WQSlideMenu */,
				DE52CA3B1ED8071600FDE643 /* WQVerticalLoopText */,
			);
			path = WQFunctionCommponents;
			sourceTree = "<group>";
		};
		DE52C9E91ED8071600FDE643 /* WQAlertUI */ = {
			isa = PBXGroup;
			children = (
				DE52C9EA1ED8071600FDE643 /* WQAlertBottomViewProtocol.h */,
				DE52C9EB1ED8071600FDE643 /* WQAlertCenterOptionsView.h */,
				DE52C9EC1ED8071600FDE643 /* WQAlertCenterOptionsView.m */,
				DE52C9ED1ED8071600FDE643 /* WQAlertController.h */,
				DE52C9EE1ED8071600FDE643 /* WQAlertController.m */,
				DE52C9F01ED8071600FDE643 /* WQCommonAlertBottomView.h */,
				DE52C9F11ED8071600FDE643 /* WQCommonAlertBottomView.m */,
				DE52C9F21ED8071600FDE643 /* WQCommonAlertTitleView.h */,
				DE52C9F31ED8071600FDE643 /* WQCommonAlertTitleView.m */,
				DE52C9F41ED8071600FDE643 /* WQSelectDateController.h */,
				DE52C9F51ED8071600FDE643 /* WQSelectDateController.m */,
				DE67B2BA1EEB1568007B8930 /* WQCustomSelectDateView.h */,
				DE67B2BB1EEB1568007B8930 /* WQCustomSelectDateView.m */,
			);
			path = WQAlertUI;
			sourceTree = "<group>";
		};
		DE52C9F61ED8071600FDE643 /* WQBannerLoop */ = {
			isa = PBXGroup;
			children = (
				DE52C9F71ED8071600FDE643 /* WQBannerLoopView.h */,
				DE52C9F81ED8071600FDE643 /* WQBannerLoopView.m */,
			);
			path = WQBannerLoop;
			sourceTree = "<group>";
		};
		DE52C9F91ED8071600FDE643 /* WQClendarUI */ = {
			isa = PBXGroup;
			children = (
				DE52C9FA1ED8071600FDE643 /* WQClendarDayUnit.h */,
				DE52C9FB1ED8071600FDE643 /* WQClendarDayUnit.m */,
				DE52C9FC1ED8071600FDE643 /* WQClendarUnit.h */,
				DE52C9FD1ED8071600FDE643 /* WQClendarUnit.m */,
				DE52C9FE1ED8071600FDE643 /* WQClendarView.h */,
				DE52C9FF1ED8071600FDE643 /* WQClendarView.m */,
			);
			path = WQClendarUI;
			sourceTree = "<group>";
		};
		DE52CA001ED8071600FDE643 /* WQExamineUI */ = {
			isa = PBXGroup;
			children = (
				DE52CA011ED8071600FDE643 /* ExamineCell.h */,
				DE52CA021ED8071600FDE643 /* ExamineCell.m */,
				DE52CA031ED8071600FDE643 /* ExamineCell.xib */,
				DE52CA041ED8071600FDE643 /* GuDExaminationItem.h */,
				DE52CA051ED8071600FDE643 /* GuDExaminationItem.m */,
				DE52CA061ED8071600FDE643 /* GuDExamineDataViewController.h */,
				DE52CA071ED8071600FDE643 /* GuDExamineDataViewController.m */,
				DE52CA081ED8071600FDE643 /* GuDExamineViewController.h */,
				DE52CA091ED8071600FDE643 /* GuDExamineViewController.m */,
			);
			path = WQExamineUI;
			sourceTree = "<group>";
		};
		DE52CA0A1ED8071600FDE643 /* WQFlowTagUI */ = {
			isa = PBXGroup;
			children = (
				DE52CA0B1ED8071600FDE643 /* WQTagCollectionViewCell.h */,
				DE52CA0C1ED8071600FDE643 /* WQTagCollectionViewCell.m */,
				DE52CA0D1ED8071600FDE643 /* WQTagCollectionViewCell.xib */,
				DE52CA0E1ED8071600FDE643 /* WQTagsFlowLayout.h */,
				DE52CA0F1ED8071600FDE643 /* WQTagsFlowLayout.m */,
			);
			path = WQFlowTagUI;
			sourceTree = "<group>";
		};
		DE52CA101ED8071600FDE643 /* WQPhotoUI */ = {
			isa = PBXGroup;
			children = (
				DE3446E91F0C9A7300645D32 /* WQSelectPhotoController.h */,
				DE3446EA1F0C9A7300645D32 /* WQSelectPhotoController.m */,
			);
			path = WQPhotoUI;
			sourceTree = "<group>";
		};
		DE52CA131ED8071600FDE643 /* WQPopSelectionsUI */ = {
			isa = PBXGroup;
			children = (
				DE52CA141ED8071600FDE643 /* WQActionSheetCell.h */,
				DE52CA151ED8071600FDE643 /* WQActionSheetCell.m */,
				DE52CA161ED8071600FDE643 /* WQActionSheetController.h */,
				DE52CA171ED8071600FDE643 /* WQActionSheetController.m */,
				DE52CA181ED8071600FDE643 /* WQSelecOptionsView.h */,
				DE52CA191ED8071600FDE643 /* WQSelecOptionsView.m */,
				DE52CA1A1ED8071600FDE643 /* WQSelectOptionsCell.h */,
				DE52CA1B1ED8071600FDE643 /* WQSelectOptionsCell.m */,
			);
			path = WQPopSelectionsUI;
			sourceTree = "<group>";
		};
		DE52CA1C1ED8071600FDE643 /* WQResources */ = {
			isa = PBXGroup;
			children = (
				DE52CA1D1ED8071600FDE643 /* Assets */,
				DE52CA1F1ED8071600FDE643 /* images */,
				DE52CA281ED8071600FDE643 /* Sb */,
			);
			path = WQResources;
			sourceTree = "<group>";
		};
		DE52CA1D1ED8071600FDE643 /* Assets */ = {
			isa = PBXGroup;
			children = (
				DE52CA1E1ED8071600FDE643 /* Resources.xcassets */,
			);
			path = Assets;
			sourceTree = "<group>";
		};
		DE52CA1F1ED8071600FDE643 /* images */ = {
			isa = PBXGroup;
			children = (
				DE52CA201ED8071600FDE643 /* 00.jpg */,
				DE52CA211ED8071600FDE643 /* 01.jpg */,
				DE52CA221ED8071600FDE643 /* 02.jpg */,
				DE52CA231ED8071600FDE643 /* 03.jpg */,
				DE52CA241ED8071600FDE643 /* 04.jpg */,
				DE52CA251ED8071600FDE643 /* 05.jpg */,
				DE52CA261ED8071600FDE643 /* 06.jpg */,
				DE52CA271ED8071600FDE643 /* 07.jpg */,
			);
			path = images;
			sourceTree = "<group>";
		};
		DE52CA281ED8071600FDE643 /* Sb */ = {
			isa = PBXGroup;
			children = (
				DE52CA291ED8071600FDE643 /* TabbbarController.storyboard */,
			);
			path = Sb;
			sourceTree = "<group>";
		};
		DE52CA2A1ED8071600FDE643 /* WQShareUI */ = {
			isa = PBXGroup;
			children = (
				DE52CA2B1ED8071600FDE643 /* WQShareActionCell.h */,
				DE52CA2C1ED8071600FDE643 /* WQShareActionCell.m */,
				DE52CA2D1ED8071600FDE643 /* WQShareActionCell.xib */,
				DE52CA2E1ED8071600FDE643 /* WQShareActionItem.h */,
				DE52CA2F1ED8071600FDE643 /* WQShareActionItem.m */,
				DE52CA301ED8071600FDE643 /* WQShareActionViewController.h */,
				DE52CA311ED8071600FDE643 /* WQShareActionViewController.m */,
			);
			path = WQShareUI;
			sourceTree = "<group>";
		};
		DE52CA321ED8071600FDE643 /* WQSlideMenu */ = {
			isa = PBXGroup;
			children = (
				DE52CA331ED8071600FDE643 /* MainNavController.h */,
				DE52CA341ED8071600FDE643 /* MainNavController.m */,
				DE52CA351ED8071600FDE643 /* MainTabBarController.h */,
				DE52CA361ED8071600FDE643 /* MainTabBarController.m */,
				DE52CA371ED8071600FDE643 /* MenuViewController.h */,
				DE52CA381ED8071600FDE643 /* MenuViewController.m */,
				DE52CA391ED8071600FDE643 /* WQContainerViewController.h */,
				DE52CA3A1ED8071600FDE643 /* WQContainerViewController.m */,
			);
			path = WQSlideMenu;
			sourceTree = "<group>";
		};
		DE52CA3B1ED8071600FDE643 /* WQVerticalLoopText */ = {
			isa = PBXGroup;
			children = (
				DE52CA3C1ED8071600FDE643 /* GYChangeTextView.h */,
				DE52CA3D1ED8071600FDE643 /* GYChangeTextView.m */,
			);
			path = WQVerticalLoopText;
			sourceTree = "<group>";
		};
		DE77477B1ED3378800E034D4 = {
			isa = PBXGroup;
			children = (
				DE52C9E81ED8071600FDE643 /* WQFunctionCommponents */,
				DE7747861ED3378800E034D4 /* WQFunctionDemo */,
				DE7747851ED3378800E034D4 /* Products */,
				82A6FD109728D5475B32DAC0 /* Pods */,
				DE098AF309A20CFD6F6C4B31 /* Frameworks */,
			);
			sourceTree = "<group>";
		};
		DE7747851ED3378800E034D4 /* Products */ = {
			isa = PBXGroup;
			children = (
				DE7747841ED3378800E034D4 /* WQFunctionDemo.app */,
			);
			name = Products;
			sourceTree = "<group>";
		};
		DE7747861ED3378800E034D4 /* WQFunctionDemo */ = {
			isa = PBXGroup;
			children = (
				DE77478A1ED3378800E034D4 /* AppDelegate.h */,
				DE77478B1ED3378800E034D4 /* AppDelegate.m */,
				DE77478D1ED3378800E034D4 /* ViewController.h */,
				DE77478E1ED3378800E034D4 /* ViewController.m */,
				DE7747901ED3378800E034D4 /* Main.storyboard */,
				DE7747961ED3378800E034D4 /* Assets.xcassets */,
				DE7747981ED3378800E034D4 /* LaunchScreen.storyboard */,
				DE77479B1ED3378800E034D4 /* Info.plist */,
				DE7747931ED3378800E034D4 /* WQFunctionDemo.xcdatamodeld */,
				DE7747871ED3378800E034D4 /* Supporting Files */,
			);
			path = WQFunctionDemo;
			sourceTree = "<group>";
		};
		DE7747871ED3378800E034D4 /* Supporting Files */ = {
			isa = PBXGroup;
			children = (
				DE7747881ED3378800E034D4 /* main.m */,
				DE52CA671ED80BD400FDE643 /* PrefixHeader.pch */,
			);
			name = "Supporting Files";
			sourceTree = "<group>";
		};
/* End PBXGroup section */

/* Begin PBXNativeTarget section */
		DE7747831ED3378800E034D4 /* WQFunctionDemo */ = {
			isa = PBXNativeTarget;
			buildConfigurationList = DE77479E1ED3378800E034D4 /* Build configuration list for PBXNativeTarget "WQFunctionDemo" */;
			buildPhases = (
				D01E386AD432C82AE299758A /* [CP] Check Pods Manifest.lock */,
				DE7747801ED3378800E034D4 /* Sources */,
				DE7747811ED3378800E034D4 /* Frameworks */,
				DE7747821ED3378800E034D4 /* Resources */,
				53937BB3223885E75577D22C /* [CP] Copy Pods Resources */,
			);
			buildRules = (
			);
			dependencies = (
			);
			name = WQFunctionDemo;
			productName = WQFunctionDemo;
			productReference = DE7747841ED3378800E034D4 /* WQFunctionDemo.app */;
			productType = "com.apple.product-type.application";
		};
/* End PBXNativeTarget section */

/* Begin PBXProject section */
		DE77477C1ED3378800E034D4 /* Project object */ = {
			isa = PBXProject;
			attributes = {
				LastUpgradeCheck = 0830;
				ORGANIZATIONNAME = WQMapKit;
				TargetAttributes = {
					DE7747831ED3378800E034D4 = {
						CreatedOnToolsVersion = 8.3.2;
						ProvisioningStyle = Automatic;
					};
				};
			};
			buildConfigurationList = DE77477F1ED3378800E034D4 /* Build configuration list for PBXProject "WQFunctionDemo" */;
			compatibilityVersion = "Xcode 3.2";
			developmentRegion = English;
			hasScannedForEncodings = 0;
			knownRegions = (
				en,
				Base,
			);
			mainGroup = DE77477B1ED3378800E034D4;
			productRefGroup = DE7747851ED3378800E034D4 /* Products */;
			projectDirPath = "";
			projectRoot = "";
			targets = (
				DE7747831ED3378800E034D4 /* WQFunctionDemo */,
			);
		};
/* End PBXProject section */

/* Begin PBXResourcesBuildPhase section */
		DE7747821ED3378800E034D4 /* Resources */ = {
			isa = PBXResourcesBuildPhase;
			buildActionMask = 2147483647;
			files = (
				DE52CA5D1ED8071700FDE643 /* TabbbarController.storyboard in Resources */,
				DE52CA5B1ED8071700FDE643 /* 06.jpg in Resources */,
				DE52CA581ED8071700FDE643 /* 03.jpg in Resources */,
				DE52CA5C1ED8071700FDE643 /* 07.jpg in Resources */,
				DE52CA4D1ED8071700FDE643 /* WQTagCollectionViewCell.xib in Resources */,
				DE77479A1ED3378800E034D4 /* LaunchScreen.storyboard in Resources */,
				DE52CA591ED8071700FDE643 /* 04.jpg in Resources */,
				DE52CA551ED8071700FDE643 /* 00.jpg in Resources */,
				DE7747971ED3378800E034D4 /* Assets.xcassets in Resources */,
				DE52CA541ED8071700FDE643 /* Resources.xcassets in Resources */,
				DE7747921ED3378800E034D4 /* Main.storyboard in Resources */,
				DE52CA561ED8071700FDE643 /* 01.jpg in Resources */,
				DE52CA571ED8071700FDE643 /* 02.jpg in Resources */,
				DE52CA5A1ED8071700FDE643 /* 05.jpg in Resources */,
				DE52CA481ED8071600FDE643 /* ExamineCell.xib in Resources */,
				DE52CA5F1ED8071700FDE643 /* WQShareActionCell.xib in Resources */,
			);
			runOnlyForDeploymentPostprocessing = 0;
		};
/* End PBXResourcesBuildPhase section */

/* Begin PBXShellScriptBuildPhase section */
		53937BB3223885E75577D22C /* [CP] Copy Pods Resources */ = {
			isa = PBXShellScriptBuildPhase;
			buildActionMask = 2147483647;
			files = (
			);
			inputPaths = (
				"${SRCROOT}/Pods/Target Support Files/Pods-WQFunctionDemo/Pods-WQFunctionDemo-resources.sh",
				"${PODS_ROOT}/../../WQBaseUIDemo/WQBaseUIComponents/UILoading/MBProgressHUD.bundle",
			);
			name = "[CP] Copy Pods Resources";
			outputPaths = (
				"${TARGET_BUILD_DIR}/${UNLOCALIZED_RESOURCES_FOLDER_PATH}/MBProgressHUD.bundle",
			);
			runOnlyForDeploymentPostprocessing = 0;
			shellPath = /bin/sh;
			shellScript = "\"${SRCROOT}/Pods/Target Support Files/Pods-WQFunctionDemo/Pods-WQFunctionDemo-resources.sh\"\n";
			showEnvVarsInLog = 0;
		};
		D01E386AD432C82AE299758A /* [CP] Check Pods Manifest.lock */ = {
			isa = PBXShellScriptBuildPhase;
			buildActionMask = 2147483647;
			files = (
			);
			inputPaths = (
				"${PODS_PODFILE_DIR_PATH}/Podfile.lock",
				"${PODS_ROOT}/Manifest.lock",
			);
			name = "[CP] Check Pods Manifest.lock";
			outputPaths = (
				"$(DERIVED_FILE_DIR)/Pods-WQFunctionDemo-checkManifestLockResult.txt",
			);
			runOnlyForDeploymentPostprocessing = 0;
			shellPath = /bin/sh;
			shellScript = "diff \"${PODS_PODFILE_DIR_PATH}/Podfile.lock\" \"${PODS_ROOT}/Manifest.lock\" > /dev/null\nif [ $? != 0 ] ; then\n    # print error to STDERR\n    echo \"error: The sandbox is not in sync with the Podfile.lock. Run 'pod install' or update your CocoaPods installation.\" >&2\n    exit 1\nfi\n# This output is used by Xcode 'outputs' to avoid re-running this script phase.\necho \"SUCCESS\" > \"${SCRIPT_OUTPUT_FILE_0}\"\n";
			showEnvVarsInLog = 0;
		};
/* End PBXShellScriptBuildPhase section */

/* Begin PBXSourcesBuildPhase section */
		DE7747801ED3378800E034D4 /* Sources */ = {
			isa = PBXSourcesBuildPhase;
			buildActionMask = 2147483647;
			files = (
				DE52CA431ED8071600FDE643 /* WQBannerLoopView.m in Sources */,
				DE52CA511ED8071700FDE643 /* WQActionSheetController.m in Sources */,
				2D4C22701FB9425700C226CE /* FontStyleView.m in Sources */,
				2D4C22711FB9425700C226CE /* WQAttibuteInputView.m in Sources */,
				2D4C22721FB9425700C226CE /* WQAttributeTextView.m in Sources */,
				DE3446EB1F0C9A7300645D32 /* WQSelectPhotoController.m in Sources */,
				DE52CA3E1ED8071600FDE643 /* WQAlertCenterOptionsView.m in Sources */,
				DE52CA411ED8071600FDE643 /* WQCommonAlertTitleView.m in Sources */,
				DE52CA531ED8071700FDE643 /* WQSelectOptionsCell.m in Sources */,
				DE77478F1ED3378800E034D4 /* ViewController.m in Sources */,
				DE52CA461ED8071600FDE643 /* WQClendarView.m in Sources */,
				DE77478C1ED3378800E034D4 /* AppDelegate.m in Sources */,
				DE7747951ED3378800E034D4 /* WQFunctionDemo.xcdatamodeld in Sources */,
				DE52CA4E1ED8071700FDE643 /* WQTagsFlowLayout.m in Sources */,
				DE52CA3F1ED8071600FDE643 /* WQAlertController.m in Sources */,
				DE52CA451ED8071600FDE643 /* WQClendarUnit.m in Sources */,
				DE52CA4B1ED8071700FDE643 /* GuDExamineViewController.m in Sources */,
				DE52CA4A1ED8071700FDE643 /* GuDExamineDataViewController.m in Sources */,
				DE52CA401ED8071600FDE643 /* WQCommonAlertBottomView.m in Sources */,
				DE52CA491ED8071700FDE643 /* GuDExaminationItem.m in Sources */,
				DE52CA441ED8071600FDE643 /* WQClendarDayUnit.m in Sources */,
				DE67B2BC1EEB1568007B8930 /* WQCustomSelectDateView.m in Sources */,
				DE52CA651ED8071700FDE643 /* WQContainerViewController.m in Sources */,
				DE52CA661ED8071700FDE643 /* GYChangeTextView.m in Sources */,
				DE52CA5E1ED8071700FDE643 /* WQShareActionCell.m in Sources */,
				DE52CA641ED8071700FDE643 /* MenuViewController.m in Sources */,
				DE52CA421ED8071600FDE643 /* WQSelectDateController.m in Sources */,
				DE52CA621ED8071700FDE643 /* MainNavController.m in Sources */,
				DE52CA4C1ED8071700FDE643 /* WQTagCollectionViewCell.m in Sources */,
				DE7747891ED3378800E034D4 /* main.m in Sources */,
				DE52CA471ED8071600FDE643 /* ExamineCell.m in Sources */,
				DE52CA611ED8071700FDE643 /* WQShareActionViewController.m in Sources */,
				DE52CA521ED8071700FDE643 /* WQSelecOptionsView.m in Sources */,
				DE52CA601ED8071700FDE643 /* WQShareActionItem.m in Sources */,
				DE52CA631ED8071700FDE643 /* MainTabBarController.m in Sources */,
				DE52CA501ED8071700FDE643 /* WQActionSheetCell.m in Sources */,
			);
			runOnlyForDeploymentPostprocessing = 0;
		};
/* End PBXSourcesBuildPhase section */

/* Begin PBXVariantGroup section */
		DE7747901ED3378800E034D4 /* Main.storyboard */ = {
			isa = PBXVariantGroup;
			children = (
				DE7747911ED3378800E034D4 /* Base */,
			);
			name = Main.storyboard;
			sourceTree = "<group>";
		};
		DE7747981ED3378800E034D4 /* LaunchScreen.storyboard */ = {
			isa = PBXVariantGroup;
			children = (
				DE7747991ED3378800E034D4 /* Base */,
			);
			name = LaunchScreen.storyboard;
			sourceTree = "<group>";
		};
/* End PBXVariantGroup section */

/* Begin XCBuildConfiguration section */
		DE77479C1ED3378800E034D4 /* Debug */ = {
			isa = XCBuildConfiguration;
			buildSettings = {
				ALWAYS_SEARCH_USER_PATHS = NO;
				CLANG_ANALYZER_NONNULL = YES;
				CLANG_ANALYZER_NUMBER_OBJECT_CONVERSION = YES_AGGRESSIVE;
				CLANG_CXX_LANGUAGE_STANDARD = "gnu++0x";
				CLANG_CXX_LIBRARY = "libc++";
				CLANG_ENABLE_MODULES = YES;
				CLANG_ENABLE_OBJC_ARC = YES;
				CLANG_WARN_BOOL_CONVERSION = YES;
				CLANG_WARN_CONSTANT_CONVERSION = YES;
				CLANG_WARN_DIRECT_OBJC_ISA_USAGE = YES_ERROR;
				CLANG_WARN_DOCUMENTATION_COMMENTS = YES;
				CLANG_WARN_EMPTY_BODY = YES;
				CLANG_WARN_ENUM_CONVERSION = YES;
				CLANG_WARN_INFINITE_RECURSION = YES;
				CLANG_WARN_INT_CONVERSION = YES;
				CLANG_WARN_OBJC_ROOT_CLASS = YES_ERROR;
				CLANG_WARN_SUSPICIOUS_MOVE = YES;
				CLANG_WARN_UNREACHABLE_CODE = YES;
				CLANG_WARN__DUPLICATE_METHOD_MATCH = YES;
				"CODE_SIGN_IDENTITY[sdk=iphoneos*]" = "iPhone Developer";
				COPY_PHASE_STRIP = NO;
				DEBUG_INFORMATION_FORMAT = dwarf;
				ENABLE_STRICT_OBJC_MSGSEND = YES;
				ENABLE_TESTABILITY = YES;
				GCC_C_LANGUAGE_STANDARD = gnu99;
				GCC_DYNAMIC_NO_PIC = NO;
				GCC_NO_COMMON_BLOCKS = YES;
				GCC_OPTIMIZATION_LEVEL = 0;
				GCC_PREPROCESSOR_DEFINITIONS = (
					"DEBUG=1",
					"$(inherited)",
				);
				GCC_WARN_64_TO_32_BIT_CONVERSION = YES;
				GCC_WARN_ABOUT_RETURN_TYPE = YES_ERROR;
				GCC_WARN_UNDECLARED_SELECTOR = YES;
				GCC_WARN_UNINITIALIZED_AUTOS = YES_AGGRESSIVE;
				GCC_WARN_UNUSED_FUNCTION = YES;
				GCC_WARN_UNUSED_VARIABLE = YES;
				IPHONEOS_DEPLOYMENT_TARGET = 10.3;
				MTL_ENABLE_DEBUG_INFO = YES;
				ONLY_ACTIVE_ARCH = YES;
				SDKROOT = iphoneos;
			};
			name = Debug;
		};
		DE77479D1ED3378800E034D4 /* Release */ = {
			isa = XCBuildConfiguration;
			buildSettings = {
				ALWAYS_SEARCH_USER_PATHS = NO;
				CLANG_ANALYZER_NONNULL = YES;
				CLANG_ANALYZER_NUMBER_OBJECT_CONVERSION = YES_AGGRESSIVE;
				CLANG_CXX_LANGUAGE_STANDARD = "gnu++0x";
				CLANG_CXX_LIBRARY = "libc++";
				CLANG_ENABLE_MODULES = YES;
				CLANG_ENABLE_OBJC_ARC = YES;
				CLANG_WARN_BOOL_CONVERSION = YES;
				CLANG_WARN_CONSTANT_CONVERSION = YES;
				CLANG_WARN_DIRECT_OBJC_ISA_USAGE = YES_ERROR;
				CLANG_WARN_DOCUMENTATION_COMMENTS = YES;
				CLANG_WARN_EMPTY_BODY = YES;
				CLANG_WARN_ENUM_CONVERSION = YES;
				CLANG_WARN_INFINITE_RECURSION = YES;
				CLANG_WARN_INT_CONVERSION = YES;
				CLANG_WARN_OBJC_ROOT_CLASS = YES_ERROR;
				CLANG_WARN_SUSPICIOUS_MOVE = YES;
				CLANG_WARN_UNREACHABLE_CODE = YES;
				CLANG_WARN__DUPLICATE_METHOD_MATCH = YES;
				"CODE_SIGN_IDENTITY[sdk=iphoneos*]" = "iPhone Developer";
				COPY_PHASE_STRIP = NO;
				DEBUG_INFORMATION_FORMAT = "dwarf-with-dsym";
				ENABLE_NS_ASSERTIONS = NO;
				ENABLE_STRICT_OBJC_MSGSEND = YES;
				GCC_C_LANGUAGE_STANDARD = gnu99;
				GCC_NO_COMMON_BLOCKS = YES;
				GCC_WARN_64_TO_32_BIT_CONVERSION = YES;
				GCC_WARN_ABOUT_RETURN_TYPE = YES_ERROR;
				GCC_WARN_UNDECLARED_SELECTOR = YES;
				GCC_WARN_UNINITIALIZED_AUTOS = YES_AGGRESSIVE;
				GCC_WARN_UNUSED_FUNCTION = YES;
				GCC_WARN_UNUSED_VARIABLE = YES;
				IPHONEOS_DEPLOYMENT_TARGET = 10.3;
				MTL_ENABLE_DEBUG_INFO = NO;
				SDKROOT = iphoneos;
				VALIDATE_PRODUCT = YES;
			};
			name = Release;
		};
		DE77479F1ED3378800E034D4 /* Debug */ = {
			isa = XCBuildConfiguration;
			baseConfigurationReference = 278DBFC22EFA8038731DCCCF /* Pods-WQFunctionDemo.debug.xcconfig */;
			buildSettings = {
				ASSETCATALOG_COMPILER_APPICON_NAME = AppIcon;
				INFOPLIST_FILE = WQFunctionDemo/Info.plist;
				IPHONEOS_DEPLOYMENT_TARGET = 8.0;
				LD_RUNPATH_SEARCH_PATHS = "$(inherited) @executable_path/Frameworks";
				PRODUCT_BUNDLE_IDENTIFIER = WQ.WQFunctionDemo;
				PRODUCT_NAME = "$(TARGET_NAME)";
			};
			name = Debug;
		};
		DE7747A01ED3378800E034D4 /* Release */ = {
			isa = XCBuildConfiguration;
			baseConfigurationReference = CE218D7DDDC8DB52F74AD572 /* Pods-WQFunctionDemo.release.xcconfig */;
			buildSettings = {
				ASSETCATALOG_COMPILER_APPICON_NAME = AppIcon;
				INFOPLIST_FILE = WQFunctionDemo/Info.plist;
				IPHONEOS_DEPLOYMENT_TARGET = 8.0;
				LD_RUNPATH_SEARCH_PATHS = "$(inherited) @executable_path/Frameworks";
				PRODUCT_BUNDLE_IDENTIFIER = WQ.WQFunctionDemo;
				PRODUCT_NAME = "$(TARGET_NAME)";
			};
			name = Release;
		};
/* End XCBuildConfiguration section */

/* Begin XCConfigurationList section */
		DE77477F1ED3378800E034D4 /* Build configuration list for PBXProject "WQFunctionDemo" */ = {
			isa = XCConfigurationList;
			buildConfigurations = (
				DE77479C1ED3378800E034D4 /* Debug */,
				DE77479D1ED3378800E034D4 /* Release */,
			);
			defaultConfigurationIsVisible = 0;
			defaultConfigurationName = Release;
		};
		DE77479E1ED3378800E034D4 /* Build configuration list for PBXNativeTarget "WQFunctionDemo" */ = {
			isa = XCConfigurationList;
			buildConfigurations = (
				DE77479F1ED3378800E034D4 /* Debug */,
				DE7747A01ED3378800E034D4 /* Release */,
			);
			defaultConfigurationIsVisible = 0;
			defaultConfigurationName = Release;
		};
/* End XCConfigurationList section */

/* Begin XCVersionGroup section */
		DE7747931ED3378800E034D4 /* WQFunctionDemo.xcdatamodeld */ = {
			isa = XCVersionGroup;
			children = (
				DE7747941ED3378800E034D4 /* WQFunctionDemo.xcdatamodel */,
			);
			currentVersion = DE7747941ED3378800E034D4 /* WQFunctionDemo.xcdatamodel */;
			path = WQFunctionDemo.xcdatamodeld;
			sourceTree = "<group>";
			versionGroupType = wrapper.xcdatamodel;
		};
/* End XCVersionGroup section */
	};
	rootObject = DE77477C1ED3378800E034D4 /* Project object */;
}
